// !$*UTF8*$!
{
	archiveVersion = 1;
	classes = {
	};
	objectVersion = 56;
	objects = {

/* Begin PBXBuildFile section */
		095797102C3B60A500B9A910 /* SearchHistory.swift in Sources */ = {isa = PBXBuildFile; fileRef = 0957970F2C3B60A500B9A910 /* SearchHistory.swift */; };
		095797122C3BE05300B9A910 /* SearchModel.swift in Sources */ = {isa = PBXBuildFile; fileRef = 095797112C3BE05300B9A910 /* SearchModel.swift */; };
		095797142C3C53F300B9A910 /* SearchItemView.swift in Sources */ = {isa = PBXBuildFile; fileRef = 095797132C3C53F300B9A910 /* SearchItemView.swift */; };
		095797172C3C8A1A00B9A910 /* WeatherDataModel.xcdatamodeld in Sources */ = {isa = PBXBuildFile; fileRef = 095797152C3C8A1A00B9A910 /* WeatherDataModel.xcdatamodeld */; };
		0957971B2C3CB4F100B9A910 /* SearchListView.swift in Sources */ = {isa = PBXBuildFile; fileRef = 0957971A2C3CB4F100B9A910 /* SearchListView.swift */; };
		0957971D2C3CBFF300B9A910 /* SearchHistoryView.swift in Sources */ = {isa = PBXBuildFile; fileRef = 0957971C2C3CBFF300B9A910 /* SearchHistoryView.swift */; };
		095797222C3D361100B9A910 /* SearchBar.swift in Sources */ = {isa = PBXBuildFile; fileRef = 095797212C3D361100B9A910 /* SearchBar.swift */; };
		0957972A2C3D480500B9A910 /* CoreData.swift in Sources */ = {isa = PBXBuildFile; fileRef = 095797292C3D480500B9A910 /* CoreData.swift */; };
		0957972C2C3D4EFA00B9A910 /* WeatherModel.swift in Sources */ = {isa = PBXBuildFile; fileRef = 0957972B2C3D4EFA00B9A910 /* WeatherModel.swift */; };
		095797372C3D543700B9A910 /* WeatherService.swift in Sources */ = {isa = PBXBuildFile; fileRef = 095797362C3D543700B9A910 /* WeatherService.swift */; };
		095797392C3D545000B9A910 /* Api.swift in Sources */ = {isa = PBXBuildFile; fileRef = 095797382C3D545000B9A910 /* Api.swift */; };
		0957973B2C3D836B00B9A910 /* SearchDataManager.swift in Sources */ = {isa = PBXBuildFile; fileRef = 0957973A2C3D836B00B9A910 /* SearchDataManager.swift */; };
		095797432C3DB70500B9A910 /* WeatherDetailView.swift in Sources */ = {isa = PBXBuildFile; fileRef = 095797422C3DB70500B9A910 /* WeatherDetailView.swift */; };
		095797452C3DFDE600B9A910 /* WeatherDetailModel.swift in Sources */ = {isa = PBXBuildFile; fileRef = 095797442C3DFDE500B9A910 /* WeatherDetailModel.swift */; };
		095797472C3DFE9D00B9A910 /* WeatherDetail.swift in Sources */ = {isa = PBXBuildFile; fileRef = 095797462C3DFE9D00B9A910 /* WeatherDetail.swift */; };
		0957974B2C3E1A5700B9A910 /* String+Extension.swift in Sources */ = {isa = PBXBuildFile; fileRef = 0957974A2C3E1A5700B9A910 /* String+Extension.swift */; };
		0957974D2C3E1CE000B9A910 /* Date+Extension.swift in Sources */ = {isa = PBXBuildFile; fileRef = 0957974C2C3E1CE000B9A910 /* Date+Extension.swift */; };
		0957974F2C3E20A100B9A910 /* Optionals.swift in Sources */ = {isa = PBXBuildFile; fileRef = 0957974E2C3E20A100B9A910 /* Optionals.swift */; };
		095797512C3E2B5100B9A910 /* WeatherCodeConverter.swift in Sources */ = {isa = PBXBuildFile; fileRef = 095797502C3E2B5100B9A910 /* WeatherCodeConverter.swift */; };
		095797532C3E31F600B9A910 /* ForecastItemView.swift in Sources */ = {isa = PBXBuildFile; fileRef = 095797522C3E31F600B9A910 /* ForecastItemView.swift */; };
		095797552C3E321500B9A910 /* ForecastListView.swift in Sources */ = {isa = PBXBuildFile; fileRef = 095797542C3E321500B9A910 /* ForecastListView.swift */; };
		095797572C3E32E200B9A910 /* SearchHeaderView.swift in Sources */ = {isa = PBXBuildFile; fileRef = 095797562C3E32E200B9A910 /* SearchHeaderView.swift */; };
		095797592C3E330A00B9A910 /* SearchDescriptionView.swift in Sources */ = {isa = PBXBuildFile; fileRef = 095797582C3E330A00B9A910 /* SearchDescriptionView.swift */; };
		0957975C2C3E411C00B9A910 /* DailyForecastItemView.swift in Sources */ = {isa = PBXBuildFile; fileRef = 0957975B2C3E411C00B9A910 /* DailyForecastItemView.swift */; };
		0957975E2C3EC3C300B9A910 /* DailyForecastListView.swift in Sources */ = {isa = PBXBuildFile; fileRef = 0957975D2C3EC3C300B9A910 /* DailyForecastListView.swift */; };
		095797662C3EE3BC00B9A910 /* CurrentWeatherDetailView.swift in Sources */ = {isa = PBXBuildFile; fileRef = 095797652C3EE3BC00B9A910 /* CurrentWeatherDetailView.swift */; };
		095797682C3EE43B00B9A910 /* ForecastListViewWithTitle.swift in Sources */ = {isa = PBXBuildFile; fileRef = 095797672C3EE43B00B9A910 /* ForecastListViewWithTitle.swift */; };
		0957976C2C3EE47D00B9A910 /* DailyForecastView.swift in Sources */ = {isa = PBXBuildFile; fileRef = 0957976B2C3EE47D00B9A910 /* DailyForecastView.swift */; };
		0957976E2C3EE4AD00B9A910 /* HistoricalForecastView.swift in Sources */ = {isa = PBXBuildFile; fileRef = 0957976D2C3EE4AD00B9A910 /* HistoricalForecastView.swift */; };
		095797702C3EE5AC00B9A910 /* LoadingView.swift in Sources */ = {isa = PBXBuildFile; fileRef = 0957976F2C3EE5AC00B9A910 /* LoadingView.swift */; };
		095797722C3EE5F700B9A910 /* LoadHistoricalForecastButtonView.swift in Sources */ = {isa = PBXBuildFile; fileRef = 095797712C3EE5F700B9A910 /* LoadHistoricalForecastButtonView.swift */; };
		095797742C3EE8AC00B9A910 /* AppConstants.swift in Sources */ = {isa = PBXBuildFile; fileRef = 095797732C3EE8AC00B9A910 /* AppConstants.swift */; };
		095797802C3EF53200B9A910 /* Networking in Frameworks */ = {isa = PBXBuildFile; productRef = 0957977F2C3EF53200B9A910 /* Networking */; };
		095797822C3EFBB600B9A910 /* WeatherServiceTest.swift in Sources */ = {isa = PBXBuildFile; fileRef = 095797812C3EFBB600B9A910 /* WeatherServiceTest.swift */; };
		09601EAA2C39AEFD00D3D0CC /* WeatherApp.swift in Sources */ = {isa = PBXBuildFile; fileRef = 09601EA92C39AEFD00D3D0CC /* WeatherApp.swift */; };
		09601EAE2C39AEFF00D3D0CC /* Assets.xcassets in Resources */ = {isa = PBXBuildFile; fileRef = 09601EAD2C39AEFF00D3D0CC /* Assets.xcassets */; };
		09601EB12C39AEFF00D3D0CC /* Preview Assets.xcassets in Resources */ = {isa = PBXBuildFile; fileRef = 09601EB02C39AEFF00D3D0CC /* Preview Assets.xcassets */; };
		09601EBB2C39AEFF00D3D0CC /* WeatherAppTests.swift in Sources */ = {isa = PBXBuildFile; fileRef = 09601EBA2C39AEFF00D3D0CC /* WeatherAppTests.swift */; };
		09601EC52C39AEFF00D3D0CC /* WeatherAppUITests.swift in Sources */ = {isa = PBXBuildFile; fileRef = 09601EC42C39AEFF00D3D0CC /* WeatherAppUITests.swift */; };
		09601EC72C39AEFF00D3D0CC /* WeatherAppUITestsLaunchTests.swift in Sources */ = {isa = PBXBuildFile; fileRef = 09601EC62C39AEFF00D3D0CC /* WeatherAppUITestsLaunchTests.swift */; };
		09601ED92C39AFD900D3D0CC /* ComposableArchitecture in Frameworks */ = {isa = PBXBuildFile; productRef = 09601ED82C39AFD900D3D0CC /* ComposableArchitecture */; };
/* End PBXBuildFile section */

/* Begin PBXContainerItemProxy section */
		09601EB72C39AEFF00D3D0CC /* PBXContainerItemProxy */ = {
			isa = PBXContainerItemProxy;
			containerPortal = 09601E9E2C39AEFD00D3D0CC /* Project object */;
			proxyType = 1;
			remoteGlobalIDString = 09601EA52C39AEFD00D3D0CC;
			remoteInfo = WeatherApp;
		};
		09601EC12C39AEFF00D3D0CC /* PBXContainerItemProxy */ = {
			isa = PBXContainerItemProxy;
			containerPortal = 09601E9E2C39AEFD00D3D0CC /* Project object */;
			proxyType = 1;
			remoteGlobalIDString = 09601EA52C39AEFD00D3D0CC;
			remoteInfo = WeatherApp;
		};
/* End PBXContainerItemProxy section */

/* Begin PBXFileReference section */
		0957970F2C3B60A500B9A910 /* SearchHistory.swift */ = {isa = PBXFileReference; lastKnownFileType = sourcecode.swift; path = SearchHistory.swift; sourceTree = "<group>"; };
		095797112C3BE05300B9A910 /* SearchModel.swift */ = {isa = PBXFileReference; lastKnownFileType = sourcecode.swift; path = SearchModel.swift; sourceTree = "<group>"; };
		095797132C3C53F300B9A910 /* SearchItemView.swift */ = {isa = PBXFileReference; lastKnownFileType = sourcecode.swift; path = SearchItemView.swift; sourceTree = "<group>"; };
		095797162C3C8A1A00B9A910 /* WeatherDataModel.xcdatamodel */ = {isa = PBXFileReference; lastKnownFileType = wrapper.xcdatamodel; path = WeatherDataModel.xcdatamodel; sourceTree = "<group>"; };
		0957971A2C3CB4F100B9A910 /* SearchListView.swift */ = {isa = PBXFileReference; lastKnownFileType = sourcecode.swift; path = SearchListView.swift; sourceTree = "<group>"; };
		0957971C2C3CBFF300B9A910 /* SearchHistoryView.swift */ = {isa = PBXFileReference; lastKnownFileType = sourcecode.swift; path = SearchHistoryView.swift; sourceTree = "<group>"; };
		095797212C3D361100B9A910 /* SearchBar.swift */ = {isa = PBXFileReference; lastKnownFileType = sourcecode.swift; path = SearchBar.swift; sourceTree = "<group>"; };
		095797292C3D480500B9A910 /* CoreData.swift */ = {isa = PBXFileReference; lastKnownFileType = sourcecode.swift; path = CoreData.swift; sourceTree = "<group>"; };
		0957972B2C3D4EFA00B9A910 /* WeatherModel.swift */ = {isa = PBXFileReference; lastKnownFileType = sourcecode.swift; path = WeatherModel.swift; sourceTree = "<group>"; };
		095797362C3D543700B9A910 /* WeatherService.swift */ = {isa = PBXFileReference; lastKnownFileType = sourcecode.swift; path = WeatherService.swift; sourceTree = "<group>"; };
		095797382C3D545000B9A910 /* Api.swift */ = {isa = PBXFileReference; lastKnownFileType = sourcecode.swift; path = Api.swift; sourceTree = "<group>"; };
		0957973A2C3D836B00B9A910 /* SearchDataManager.swift */ = {isa = PBXFileReference; lastKnownFileType = sourcecode.swift; path = SearchDataManager.swift; sourceTree = "<group>"; };
		095797422C3DB70500B9A910 /* WeatherDetailView.swift */ = {isa = PBXFileReference; lastKnownFileType = sourcecode.swift; path = WeatherDetailView.swift; sourceTree = "<group>"; };
		095797442C3DFDE500B9A910 /* WeatherDetailModel.swift */ = {isa = PBXFileReference; lastKnownFileType = sourcecode.swift; path = WeatherDetailModel.swift; sourceTree = "<group>"; };
		095797462C3DFE9D00B9A910 /* WeatherDetail.swift */ = {isa = PBXFileReference; lastKnownFileType = sourcecode.swift; path = WeatherDetail.swift; sourceTree = "<group>"; };
		0957974A2C3E1A5700B9A910 /* String+Extension.swift */ = {isa = PBXFileReference; lastKnownFileType = sourcecode.swift; path = "String+Extension.swift"; sourceTree = "<group>"; };
		0957974C2C3E1CE000B9A910 /* Date+Extension.swift */ = {isa = PBXFileReference; lastKnownFileType = sourcecode.swift; path = "Date+Extension.swift"; sourceTree = "<group>"; };
		0957974E2C3E20A100B9A910 /* Optionals.swift */ = {isa = PBXFileReference; lastKnownFileType = sourcecode.swift; path = Optionals.swift; sourceTree = "<group>"; };
		095797502C3E2B5100B9A910 /* WeatherCodeConverter.swift */ = {isa = PBXFileReference; lastKnownFileType = sourcecode.swift; path = WeatherCodeConverter.swift; sourceTree = "<group>"; };
		095797522C3E31F600B9A910 /* ForecastItemView.swift */ = {isa = PBXFileReference; lastKnownFileType = sourcecode.swift; path = ForecastItemView.swift; sourceTree = "<group>"; };
		095797542C3E321500B9A910 /* ForecastListView.swift */ = {isa = PBXFileReference; lastKnownFileType = sourcecode.swift; path = ForecastListView.swift; sourceTree = "<group>"; };
		095797562C3E32E200B9A910 /* SearchHeaderView.swift */ = {isa = PBXFileReference; lastKnownFileType = sourcecode.swift; path = SearchHeaderView.swift; sourceTree = "<group>"; };
		095797582C3E330A00B9A910 /* SearchDescriptionView.swift */ = {isa = PBXFileReference; lastKnownFileType = sourcecode.swift; path = SearchDescriptionView.swift; sourceTree = "<group>"; };
		0957975B2C3E411C00B9A910 /* DailyForecastItemView.swift */ = {isa = PBXFileReference; lastKnownFileType = sourcecode.swift; path = DailyForecastItemView.swift; sourceTree = "<group>"; };
		0957975D2C3EC3C300B9A910 /* DailyForecastListView.swift */ = {isa = PBXFileReference; lastKnownFileType = sourcecode.swift; path = DailyForecastListView.swift; sourceTree = "<group>"; };
		095797652C3EE3BC00B9A910 /* CurrentWeatherDetailView.swift */ = {isa = PBXFileReference; lastKnownFileType = sourcecode.swift; path = CurrentWeatherDetailView.swift; sourceTree = "<group>"; };
		095797672C3EE43B00B9A910 /* ForecastListViewWithTitle.swift */ = {isa = PBXFileReference; lastKnownFileType = sourcecode.swift; path = ForecastListViewWithTitle.swift; sourceTree = "<group>"; };
		0957976B2C3EE47D00B9A910 /* DailyForecastView.swift */ = {isa = PBXFileReference; lastKnownFileType = sourcecode.swift; path = DailyForecastView.swift; sourceTree = "<group>"; };
		0957976D2C3EE4AD00B9A910 /* HistoricalForecastView.swift */ = {isa = PBXFileReference; lastKnownFileType = sourcecode.swift; path = HistoricalForecastView.swift; sourceTree = "<group>"; };
		0957976F2C3EE5AC00B9A910 /* LoadingView.swift */ = {isa = PBXFileReference; lastKnownFileType = sourcecode.swift; path = LoadingView.swift; sourceTree = "<group>"; };
		095797712C3EE5F700B9A910 /* LoadHistoricalForecastButtonView.swift */ = {isa = PBXFileReference; lastKnownFileType = sourcecode.swift; path = LoadHistoricalForecastButtonView.swift; sourceTree = "<group>"; };
		095797732C3EE8AC00B9A910 /* AppConstants.swift */ = {isa = PBXFileReference; lastKnownFileType = sourcecode.swift; path = AppConstants.swift; sourceTree = "<group>"; };
		0957977B2C3EF42400B9A910 /* Networking */ = {isa = PBXFileReference; lastKnownFileType = wrapper; path = Networking; sourceTree = "<group>"; };
		095797812C3EFBB600B9A910 /* WeatherServiceTest.swift */ = {isa = PBXFileReference; lastKnownFileType = sourcecode.swift; path = WeatherServiceTest.swift; sourceTree = "<group>"; };
		09601EA62C39AEFD00D3D0CC /* WeatherApp.app */ = {isa = PBXFileReference; explicitFileType = wrapper.application; includeInIndex = 0; path = WeatherApp.app; sourceTree = BUILT_PRODUCTS_DIR; };
		09601EA92C39AEFD00D3D0CC /* WeatherApp.swift */ = {isa = PBXFileReference; lastKnownFileType = sourcecode.swift; path = WeatherApp.swift; sourceTree = "<group>"; };
		09601EAD2C39AEFF00D3D0CC /* Assets.xcassets */ = {isa = PBXFileReference; lastKnownFileType = folder.assetcatalog; path = Assets.xcassets; sourceTree = "<group>"; };
		09601EB02C39AEFF00D3D0CC /* Preview Assets.xcassets */ = {isa = PBXFileReference; lastKnownFileType = folder.assetcatalog; path = "Preview Assets.xcassets"; sourceTree = "<group>"; };
		09601EB62C39AEFF00D3D0CC /* WeatherAppTests.xctest */ = {isa = PBXFileReference; explicitFileType = wrapper.cfbundle; includeInIndex = 0; path = WeatherAppTests.xctest; sourceTree = BUILT_PRODUCTS_DIR; };
		09601EBA2C39AEFF00D3D0CC /* WeatherAppTests.swift */ = {isa = PBXFileReference; lastKnownFileType = sourcecode.swift; path = WeatherAppTests.swift; sourceTree = "<group>"; };
		09601EC02C39AEFF00D3D0CC /* WeatherAppUITests.xctest */ = {isa = PBXFileReference; explicitFileType = wrapper.cfbundle; includeInIndex = 0; path = WeatherAppUITests.xctest; sourceTree = BUILT_PRODUCTS_DIR; };
		09601EC42C39AEFF00D3D0CC /* WeatherAppUITests.swift */ = {isa = PBXFileReference; lastKnownFileType = sourcecode.swift; path = WeatherAppUITests.swift; sourceTree = "<group>"; };
		09601EC62C39AEFF00D3D0CC /* WeatherAppUITestsLaunchTests.swift */ = {isa = PBXFileReference; lastKnownFileType = sourcecode.swift; path = WeatherAppUITestsLaunchTests.swift; sourceTree = "<group>"; };
/* End PBXFileReference section */

/* Begin PBXFrameworksBuildPhase section */
		09601EA32C39AEFD00D3D0CC /* Frameworks */ = {
			isa = PBXFrameworksBuildPhase;
			buildActionMask = 2147483647;
			files = (
				095797802C3EF53200B9A910 /* Networking in Frameworks */,
				09601ED92C39AFD900D3D0CC /* ComposableArchitecture in Frameworks */,
			);
			runOnlyForDeploymentPostprocessing = 0;
		};
		09601EB32C39AEFF00D3D0CC /* Frameworks */ = {
			isa = PBXFrameworksBuildPhase;
			buildActionMask = 2147483647;
			files = (
			);
			runOnlyForDeploymentPostprocessing = 0;
		};
		09601EBD2C39AEFF00D3D0CC /* Frameworks */ = {
			isa = PBXFrameworksBuildPhase;
			buildActionMask = 2147483647;
			files = (
			);
			runOnlyForDeploymentPostprocessing = 0;
		};
/* End PBXFrameworksBuildPhase section */

/* Begin PBXGroup section */
		0957971E2C3D35E200B9A910 /* Components */ = {
			isa = PBXGroup;
			children = (
				095797132C3C53F300B9A910 /* SearchItemView.swift */,
				0957971A2C3CB4F100B9A910 /* SearchListView.swift */,
				095797212C3D361100B9A910 /* SearchBar.swift */,
				095797522C3E31F600B9A910 /* ForecastItemView.swift */,
				095797542C3E321500B9A910 /* ForecastListView.swift */,
				095797562C3E32E200B9A910 /* SearchHeaderView.swift */,
				095797582C3E330A00B9A910 /* SearchDescriptionView.swift */,
				0957975B2C3E411C00B9A910 /* DailyForecastItemView.swift */,
				0957975D2C3EC3C300B9A910 /* DailyForecastListView.swift */,
				095797652C3EE3BC00B9A910 /* CurrentWeatherDetailView.swift */,
				095797672C3EE43B00B9A910 /* ForecastListViewWithTitle.swift */,
				0957976B2C3EE47D00B9A910 /* DailyForecastView.swift */,
				0957976D2C3EE4AD00B9A910 /* HistoricalForecastView.swift */,
				0957976F2C3EE5AC00B9A910 /* LoadingView.swift */,
				095797712C3EE5F700B9A910 /* LoadHistoricalForecastButtonView.swift */,
			);
			path = Components;
			sourceTree = "<group>";
		};
		095797252C3D367300B9A910 /* Search */ = {
			isa = PBXGroup;
			children = (
				095797112C3BE05300B9A910 /* SearchModel.swift */,
				0957970F2C3B60A500B9A910 /* SearchHistory.swift */,
				0957971C2C3CBFF300B9A910 /* SearchHistoryView.swift */,
			);
			path = Search;
			sourceTree = "<group>";
		};
		095797272C3D372C00B9A910 /* App */ = {
			isa = PBXGroup;
			children = (
				09601EAD2C39AEFF00D3D0CC /* Assets.xcassets */,
				09601EA92C39AEFD00D3D0CC /* WeatherApp.swift */,
			);
			path = App;
			sourceTree = "<group>";
		};
		095797282C3D47E100B9A910 /* Data */ = {
			isa = PBXGroup;
			children = (
				095797152C3C8A1A00B9A910 /* WeatherDataModel.xcdatamodeld */,
				095797292C3D480500B9A910 /* CoreData.swift */,
				0957972B2C3D4EFA00B9A910 /* WeatherModel.swift */,
				0957973A2C3D836B00B9A910 /* SearchDataManager.swift */,
			);
			path = Data;
			sourceTree = "<group>";
		};
		0957972D2C3D4F2F00B9A910 /* Infrastructure */ = {
			isa = PBXGroup;
			children = (
				0957973E2C3DA33600B9A910 /* Utilities */,
			);
			path = Infrastructure;
			sourceTree = "<group>";
		};
		095797352C3D541E00B9A910 /* Service */ = {
			isa = PBXGroup;
			children = (
				095797362C3D543700B9A910 /* WeatherService.swift */,
				095797382C3D545000B9A910 /* Api.swift */,
			);
			path = Service;
			sourceTree = "<group>";
		};
		0957973E2C3DA33600B9A910 /* Utilities */ = {
			isa = PBXGroup;
			children = (
				0957974A2C3E1A5700B9A910 /* String+Extension.swift */,
				0957974C2C3E1CE000B9A910 /* Date+Extension.swift */,
				0957974E2C3E20A100B9A910 /* Optionals.swift */,
				095797502C3E2B5100B9A910 /* WeatherCodeConverter.swift */,
				095797732C3EE8AC00B9A910 /* AppConstants.swift */,
			);
			path = Utilities;
			sourceTree = "<group>";
		};
		095797412C3DB6E300B9A910 /* WeatherDetail */ = {
			isa = PBXGroup;
			children = (
				095797422C3DB70500B9A910 /* WeatherDetailView.swift */,
				095797442C3DFDE500B9A910 /* WeatherDetailModel.swift */,
				095797462C3DFE9D00B9A910 /* WeatherDetail.swift */,
			);
			path = WeatherDetail;
			sourceTree = "<group>";
		};
		095797752C3EF24E00B9A910 /* Packages */ = {
			isa = PBXGroup;
			children = (
				0957977B2C3EF42400B9A910 /* Networking */,
			);
			path = Packages;
			sourceTree = "<group>";
		};
		0957977E2C3EF53200B9A910 /* Frameworks */ = {
			isa = PBXGroup;
			children = (
			);
			name = Frameworks;
			sourceTree = "<group>";
		};
		09601E9D2C39AEFD00D3D0CC = {
			isa = PBXGroup;
			children = (
				095797752C3EF24E00B9A910 /* Packages */,
				09601EA82C39AEFD00D3D0CC /* WeatherApp */,
				09601EB92C39AEFF00D3D0CC /* WeatherAppTests */,
				09601EC32C39AEFF00D3D0CC /* WeatherAppUITests */,
				09601EA72C39AEFD00D3D0CC /* Products */,
				0957977E2C3EF53200B9A910 /* Frameworks */,
			);
			sourceTree = "<group>";
		};
		09601EA72C39AEFD00D3D0CC /* Products */ = {
			isa = PBXGroup;
			children = (
				09601EA62C39AEFD00D3D0CC /* WeatherApp.app */,
				09601EB62C39AEFF00D3D0CC /* WeatherAppTests.xctest */,
				09601EC02C39AEFF00D3D0CC /* WeatherAppUITests.xctest */,
			);
			name = Products;
			sourceTree = "<group>";
		};
		09601EA82C39AEFD00D3D0CC /* WeatherApp */ = {
			isa = PBXGroup;
			children = (
				095797412C3DB6E300B9A910 /* WeatherDetail */,
				095797352C3D541E00B9A910 /* Service */,
				0957972D2C3D4F2F00B9A910 /* Infrastructure */,
				095797282C3D47E100B9A910 /* Data */,
				095797272C3D372C00B9A910 /* App */,
				095797252C3D367300B9A910 /* Search */,
				0957971E2C3D35E200B9A910 /* Components */,
				09601EAF2C39AEFF00D3D0CC /* Preview Content */,
			);
			path = WeatherApp;
			sourceTree = "<group>";
		};
		09601EAF2C39AEFF00D3D0CC /* Preview Content */ = {
			isa = PBXGroup;
			children = (
				09601EB02C39AEFF00D3D0CC /* Preview Assets.xcassets */,
			);
			path = "Preview Content";
			sourceTree = "<group>";
		};
		09601EB92C39AEFF00D3D0CC /* WeatherAppTests */ = {
			isa = PBXGroup;
			children = (
				09601EBA2C39AEFF00D3D0CC /* WeatherAppTests.swift */,
				095797812C3EFBB600B9A910 /* WeatherServiceTest.swift */,
			);
			path = WeatherAppTests;
			sourceTree = "<group>";
		};
		09601EC32C39AEFF00D3D0CC /* WeatherAppUITests */ = {
			isa = PBXGroup;
			children = (
				09601EC42C39AEFF00D3D0CC /* WeatherAppUITests.swift */,
				09601EC62C39AEFF00D3D0CC /* WeatherAppUITestsLaunchTests.swift */,
			);
			path = WeatherAppUITests;
			sourceTree = "<group>";
		};
/* End PBXGroup section */

/* Begin PBXNativeTarget section */
		09601EA52C39AEFD00D3D0CC /* WeatherApp */ = {
			isa = PBXNativeTarget;
			buildConfigurationList = 09601ECA2C39AEFF00D3D0CC /* Build configuration list for PBXNativeTarget "WeatherApp" */;
			buildPhases = (
				09601EA22C39AEFD00D3D0CC /* Sources */,
				09601EA32C39AEFD00D3D0CC /* Frameworks */,
				09601EA42C39AEFD00D3D0CC /* Resources */,
			);
			buildRules = (
			);
			dependencies = (
			);
			name = WeatherApp;
			packageProductDependencies = (
				09601ED82C39AFD900D3D0CC /* ComposableArchitecture */,
				0957977F2C3EF53200B9A910 /* Networking */,
			);
			productName = WeatherApp;
			productReference = 09601EA62C39AEFD00D3D0CC /* WeatherApp.app */;
			productType = "com.apple.product-type.application";
		};
		09601EB52C39AEFF00D3D0CC /* WeatherAppTests */ = {
			isa = PBXNativeTarget;
			buildConfigurationList = 09601ECD2C39AEFF00D3D0CC /* Build configuration list for PBXNativeTarget "WeatherAppTests" */;
			buildPhases = (
				09601EB22C39AEFF00D3D0CC /* Sources */,
				09601EB32C39AEFF00D3D0CC /* Frameworks */,
				09601EB42C39AEFF00D3D0CC /* Resources */,
			);
			buildRules = (
			);
			dependencies = (
				09601EB82C39AEFF00D3D0CC /* PBXTargetDependency */,
			);
			name = WeatherAppTests;
			productName = WeatherAppTests;
			productReference = 09601EB62C39AEFF00D3D0CC /* WeatherAppTests.xctest */;
			productType = "com.apple.product-type.bundle.unit-test";
		};
		09601EBF2C39AEFF00D3D0CC /* WeatherAppUITests */ = {
			isa = PBXNativeTarget;
			buildConfigurationList = 09601ED02C39AEFF00D3D0CC /* Build configuration list for PBXNativeTarget "WeatherAppUITests" */;
			buildPhases = (
				09601EBC2C39AEFF00D3D0CC /* Sources */,
				09601EBD2C39AEFF00D3D0CC /* Frameworks */,
				09601EBE2C39AEFF00D3D0CC /* Resources */,
			);
			buildRules = (
			);
			dependencies = (
				09601EC22C39AEFF00D3D0CC /* PBXTargetDependency */,
			);
			name = WeatherAppUITests;
			productName = WeatherAppUITests;
			productReference = 09601EC02C39AEFF00D3D0CC /* WeatherAppUITests.xctest */;
			productType = "com.apple.product-type.bundle.ui-testing";
		};
/* End PBXNativeTarget section */

/* Begin PBXProject section */
		09601E9E2C39AEFD00D3D0CC /* Project object */ = {
			isa = PBXProject;
			attributes = {
				BuildIndependentTargetsInParallel = 1;
				LastSwiftUpdateCheck = 1530;
				LastUpgradeCheck = 1530;
				TargetAttributes = {
					09601EA52C39AEFD00D3D0CC = {
						CreatedOnToolsVersion = 15.3;
					};
					09601EB52C39AEFF00D3D0CC = {
						CreatedOnToolsVersion = 15.3;
						TestTargetID = 09601EA52C39AEFD00D3D0CC;
					};
					09601EBF2C39AEFF00D3D0CC = {
						CreatedOnToolsVersion = 15.3;
						TestTargetID = 09601EA52C39AEFD00D3D0CC;
					};
				};
			};
			buildConfigurationList = 09601EA12C39AEFD00D3D0CC /* Build configuration list for PBXProject "WeatherApp" */;
			compatibilityVersion = "Xcode 14.0";
			developmentRegion = en;
			hasScannedForEncodings = 0;
			knownRegions = (
				en,
				Base,
			);
			mainGroup = 09601E9D2C39AEFD00D3D0CC;
			packageReferences = (
				09601ED72C39AFD900D3D0CC /* XCRemoteSwiftPackageReference "swift-composable-architecture" */,
			);
			productRefGroup = 09601EA72C39AEFD00D3D0CC /* Products */;
			projectDirPath = "";
			projectRoot = "";
			targets = (
				09601EA52C39AEFD00D3D0CC /* WeatherApp */,
				09601EB52C39AEFF00D3D0CC /* WeatherAppTests */,
				09601EBF2C39AEFF00D3D0CC /* WeatherAppUITests */,
			);
		};
/* End PBXProject section */

/* Begin PBXResourcesBuildPhase section */
		09601EA42C39AEFD00D3D0CC /* Resources */ = {
			isa = PBXResourcesBuildPhase;
			buildActionMask = 2147483647;
			files = (
				09601EB12C39AEFF00D3D0CC /* Preview Assets.xcassets in Resources */,
				09601EAE2C39AEFF00D3D0CC /* Assets.xcassets in Resources */,
			);
			runOnlyForDeploymentPostprocessing = 0;
		};
		09601EB42C39AEFF00D3D0CC /* Resources */ = {
			isa = PBXResourcesBuildPhase;
			buildActionMask = 2147483647;
			files = (
			);
			runOnlyForDeploymentPostprocessing = 0;
		};
		09601EBE2C39AEFF00D3D0CC /* Resources */ = {
			isa = PBXResourcesBuildPhase;
			buildActionMask = 2147483647;
			files = (
			);
			runOnlyForDeploymentPostprocessing = 0;
		};
/* End PBXResourcesBuildPhase section */

/* Begin PBXSourcesBuildPhase section */
		09601EA22C39AEFD00D3D0CC /* Sources */ = {
			isa = PBXSourcesBuildPhase;
			buildActionMask = 2147483647;
			files = (
				095797532C3E31F600B9A910 /* ForecastItemView.swift in Sources */,
				095797552C3E321500B9A910 /* ForecastListView.swift in Sources */,
				095797172C3C8A1A00B9A910 /* WeatherDataModel.xcdatamodeld in Sources */,
				095797572C3E32E200B9A910 /* SearchHeaderView.swift in Sources */,
				0957975C2C3E411C00B9A910 /* DailyForecastItemView.swift in Sources */,
				0957974D2C3E1CE000B9A910 /* Date+Extension.swift in Sources */,
				095797372C3D543700B9A910 /* WeatherService.swift in Sources */,
				0957976C2C3EE47D00B9A910 /* DailyForecastView.swift in Sources */,
				095797392C3D545000B9A910 /* Api.swift in Sources */,
				095797102C3B60A500B9A910 /* SearchHistory.swift in Sources */,
				095797472C3DFE9D00B9A910 /* WeatherDetail.swift in Sources */,
				0957971B2C3CB4F100B9A910 /* SearchListView.swift in Sources */,
				0957972A2C3D480500B9A910 /* CoreData.swift in Sources */,
				095797222C3D361100B9A910 /* SearchBar.swift in Sources */,
				095797452C3DFDE600B9A910 /* WeatherDetailModel.swift in Sources */,
				0957974F2C3E20A100B9A910 /* Optionals.swift in Sources */,
				0957971D2C3CBFF300B9A910 /* SearchHistoryView.swift in Sources */,
				095797742C3EE8AC00B9A910 /* AppConstants.swift in Sources */,
				095797122C3BE05300B9A910 /* SearchModel.swift in Sources */,
				095797432C3DB70500B9A910 /* WeatherDetailView.swift in Sources */,
				0957972C2C3D4EFA00B9A910 /* WeatherModel.swift in Sources */,
				09601EAA2C39AEFD00D3D0CC /* WeatherApp.swift in Sources */,
				095797682C3EE43B00B9A910 /* ForecastListViewWithTitle.swift in Sources */,
				0957975E2C3EC3C300B9A910 /* DailyForecastListView.swift in Sources */,
				095797592C3E330A00B9A910 /* SearchDescriptionView.swift in Sources */,
				095797512C3E2B5100B9A910 /* WeatherCodeConverter.swift in Sources */,
				095797722C3EE5F700B9A910 /* LoadHistoricalForecastButtonView.swift in Sources */,
				095797662C3EE3BC00B9A910 /* CurrentWeatherDetailView.swift in Sources */,
				095797142C3C53F300B9A910 /* SearchItemView.swift in Sources */,
				0957973B2C3D836B00B9A910 /* SearchDataManager.swift in Sources */,
				0957974B2C3E1A5700B9A910 /* String+Extension.swift in Sources */,
				095797702C3EE5AC00B9A910 /* LoadingView.swift in Sources */,
				0957976E2C3EE4AD00B9A910 /* HistoricalForecastView.swift in Sources */,
			);
			runOnlyForDeploymentPostprocessing = 0;
		};
		09601EB22C39AEFF00D3D0CC /* Sources */ = {
			isa = PBXSourcesBuildPhase;
			buildActionMask = 2147483647;
			files = (
				095797822C3EFBB600B9A910 /* WeatherServiceTest.swift in Sources */,
				09601EBB2C39AEFF00D3D0CC /* WeatherAppTests.swift in Sources */,
			);
			runOnlyForDeploymentPostprocessing = 0;
		};
		09601EBC2C39AEFF00D3D0CC /* Sources */ = {
			isa = PBXSourcesBuildPhase;
			buildActionMask = 2147483647;
			files = (
				09601EC52C39AEFF00D3D0CC /* WeatherAppUITests.swift in Sources */,
				09601EC72C39AEFF00D3D0CC /* WeatherAppUITestsLaunchTests.swift in Sources */,
			);
			runOnlyForDeploymentPostprocessing = 0;
		};
/* End PBXSourcesBuildPhase section */

/* Begin PBXTargetDependency section */
		09601EB82C39AEFF00D3D0CC /* PBXTargetDependency */ = {
			isa = PBXTargetDependency;
			target = 09601EA52C39AEFD00D3D0CC /* WeatherApp */;
			targetProxy = 09601EB72C39AEFF00D3D0CC /* PBXContainerItemProxy */;
		};
		09601EC22C39AEFF00D3D0CC /* PBXTargetDependency */ = {
			isa = PBXTargetDependency;
			target = 09601EA52C39AEFD00D3D0CC /* WeatherApp */;
			targetProxy = 09601EC12C39AEFF00D3D0CC /* PBXContainerItemProxy */;
		};
/* End PBXTargetDependency section */

/* Begin XCBuildConfiguration section */
		09601EC82C39AEFF00D3D0CC /* Debug */ = {
			isa = XCBuildConfiguration;
			buildSettings = {
				ALWAYS_SEARCH_USER_PATHS = NO;
				ASSETCATALOG_COMPILER_GENERATE_SWIFT_ASSET_SYMBOL_EXTENSIONS = YES;
				CLANG_ANALYZER_NONNULL = YES;
				CLANG_ANALYZER_NUMBER_OBJECT_CONVERSION = YES_AGGRESSIVE;
				CLANG_CXX_LANGUAGE_STANDARD = "gnu++20";
				CLANG_ENABLE_MODULES = YES;
				CLANG_ENABLE_OBJC_ARC = YES;
				CLANG_ENABLE_OBJC_WEAK = YES;
				CLANG_WARN_BLOCK_CAPTURE_AUTORELEASING = YES;
				CLANG_WARN_BOOL_CONVERSION = YES;
				CLANG_WARN_COMMA = YES;
				CLANG_WARN_CONSTANT_CONVERSION = YES;
				CLANG_WARN_DEPRECATED_OBJC_IMPLEMENTATIONS = YES;
				CLANG_WARN_DIRECT_OBJC_ISA_USAGE = YES_ERROR;
				CLANG_WARN_DOCUMENTATION_COMMENTS = YES;
				CLANG_WARN_EMPTY_BODY = YES;
				CLANG_WARN_ENUM_CONVERSION = YES;
				CLANG_WARN_INFINITE_RECURSION = YES;
				CLANG_WARN_INT_CONVERSION = YES;
				CLANG_WARN_NON_LITERAL_NULL_CONVERSION = YES;
				CLANG_WARN_OBJC_IMPLICIT_RETAIN_SELF = YES;
				CLANG_WARN_OBJC_LITERAL_CONVERSION = YES;
				CLANG_WARN_OBJC_ROOT_CLASS = YES_ERROR;
				CLANG_WARN_QUOTED_INCLUDE_IN_FRAMEWORK_HEADER = YES;
				CLANG_WARN_RANGE_LOOP_ANALYSIS = YES;
				CLANG_WARN_STRICT_PROTOTYPES = YES;
				CLANG_WARN_SUSPICIOUS_MOVE = YES;
				CLANG_WARN_UNGUARDED_AVAILABILITY = YES_AGGRESSIVE;
				CLANG_WARN_UNREACHABLE_CODE = YES;
				CLANG_WARN__DUPLICATE_METHOD_MATCH = YES;
				COPY_PHASE_STRIP = NO;
				DEBUG_INFORMATION_FORMAT = dwarf;
				ENABLE_STRICT_OBJC_MSGSEND = YES;
				ENABLE_TESTABILITY = YES;
				ENABLE_USER_SCRIPT_SANDBOXING = YES;
				GCC_C_LANGUAGE_STANDARD = gnu17;
				GCC_DYNAMIC_NO_PIC = NO;
				GCC_NO_COMMON_BLOCKS = YES;
				GCC_OPTIMIZATION_LEVEL = 0;
				GCC_PREPROCESSOR_DEFINITIONS = (
					"DEBUG=1",
					"$(inherited)",
				);
				GCC_WARN_64_TO_32_BIT_CONVERSION = YES;
				GCC_WARN_ABOUT_RETURN_TYPE = YES_ERROR;
				GCC_WARN_UNDECLARED_SELECTOR = YES;
				GCC_WARN_UNINITIALIZED_AUTOS = YES_AGGRESSIVE;
				GCC_WARN_UNUSED_FUNCTION = YES;
				GCC_WARN_UNUSED_VARIABLE = YES;
				IPHONEOS_DEPLOYMENT_TARGET = 17.4;
				LOCALIZATION_PREFERS_STRING_CATALOGS = YES;
				MTL_ENABLE_DEBUG_INFO = INCLUDE_SOURCE;
				MTL_FAST_MATH = YES;
				ONLY_ACTIVE_ARCH = YES;
				SDKROOT = iphoneos;
				SWIFT_ACTIVE_COMPILATION_CONDITIONS = "DEBUG $(inherited)";
				SWIFT_OPTIMIZATION_LEVEL = "-Onone";
			};
			name = Debug;
		};
		09601EC92C39AEFF00D3D0CC /* Release */ = {
			isa = XCBuildConfiguration;
			buildSettings = {
				ALWAYS_SEARCH_USER_PATHS = NO;
				ASSETCATALOG_COMPILER_GENERATE_SWIFT_ASSET_SYMBOL_EXTENSIONS = YES;
				CLANG_ANALYZER_NONNULL = YES;
				CLANG_ANALYZER_NUMBER_OBJECT_CONVERSION = YES_AGGRESSIVE;
				CLANG_CXX_LANGUAGE_STANDARD = "gnu++20";
				CLANG_ENABLE_MODULES = YES;
				CLANG_ENABLE_OBJC_ARC = YES;
				CLANG_ENABLE_OBJC_WEAK = YES;
				CLANG_WARN_BLOCK_CAPTURE_AUTORELEASING = YES;
				CLANG_WARN_BOOL_CONVERSION = YES;
				CLANG_WARN_COMMA = YES;
				CLANG_WARN_CONSTANT_CONVERSION = YES;
				CLANG_WARN_DEPRECATED_OBJC_IMPLEMENTATIONS = YES;
				CLANG_WARN_DIRECT_OBJC_ISA_USAGE = YES_ERROR;
				CLANG_WARN_DOCUMENTATION_COMMENTS = YES;
				CLANG_WARN_EMPTY_BODY = YES;
				CLANG_WARN_ENUM_CONVERSION = YES;
				CLANG_WARN_INFINITE_RECURSION = YES;
				CLANG_WARN_INT_CONVERSION = YES;
				CLANG_WARN_NON_LITERAL_NULL_CONVERSION = YES;
				CLANG_WARN_OBJC_IMPLICIT_RETAIN_SELF = YES;
				CLANG_WARN_OBJC_LITERAL_CONVERSION = YES;
				CLANG_WARN_OBJC_ROOT_CLASS = YES_ERROR;
				CLANG_WARN_QUOTED_INCLUDE_IN_FRAMEWORK_HEADER = YES;
				CLANG_WARN_RANGE_LOOP_ANALYSIS = YES;
				CLANG_WARN_STRICT_PROTOTYPES = YES;
				CLANG_WARN_SUSPICIOUS_MOVE = YES;
				CLANG_WARN_UNGUARDED_AVAILABILITY = YES_AGGRESSIVE;
				CLANG_WARN_UNREACHABLE_CODE = YES;
				CLANG_WARN__DUPLICATE_METHOD_MATCH = YES;
				COPY_PHASE_STRIP = NO;
				DEBUG_INFORMATION_FORMAT = "dwarf-with-dsym";
				ENABLE_NS_ASSERTIONS = NO;
				ENABLE_STRICT_OBJC_MSGSEND = YES;
				ENABLE_USER_SCRIPT_SANDBOXING = YES;
				GCC_C_LANGUAGE_STANDARD = gnu17;
				GCC_NO_COMMON_BLOCKS = YES;
				GCC_WARN_64_TO_32_BIT_CONVERSION = YES;
				GCC_WARN_ABOUT_RETURN_TYPE = YES_ERROR;
				GCC_WARN_UNDECLARED_SELECTOR = YES;
				GCC_WARN_UNINITIALIZED_AUTOS = YES_AGGRESSIVE;
				GCC_WARN_UNUSED_FUNCTION = YES;
				GCC_WARN_UNUSED_VARIABLE = YES;
				IPHONEOS_DEPLOYMENT_TARGET = 17.4;
				LOCALIZATION_PREFERS_STRING_CATALOGS = YES;
				MTL_ENABLE_DEBUG_INFO = NO;
				MTL_FAST_MATH = YES;
				SDKROOT = iphoneos;
				SWIFT_COMPILATION_MODE = wholemodule;
				VALIDATE_PRODUCT = YES;
			};
			name = Release;
		};
		09601ECB2C39AEFF00D3D0CC /* Debug */ = {
			isa = XCBuildConfiguration;
			buildSettings = {
				ASSETCATALOG_COMPILER_APPICON_NAME = AppIcon;
				ASSETCATALOG_COMPILER_GLOBAL_ACCENT_COLOR_NAME = AccentColor;
				CODE_SIGN_STYLE = Automatic;
				CURRENT_PROJECT_VERSION = 1;
				DEVELOPMENT_ASSET_PATHS = "\"WeatherApp/Preview Content\"";
				DEVELOPMENT_TEAM = GC375RV42S;
				ENABLE_PREVIEWS = YES;
				GENERATE_INFOPLIST_FILE = YES;
				INFOPLIST_KEY_UIApplicationSceneManifest_Generation = YES;
				INFOPLIST_KEY_UIApplicationSupportsIndirectInputEvents = YES;
				INFOPLIST_KEY_UILaunchScreen_Generation = YES;
				INFOPLIST_KEY_UISupportedInterfaceOrientations_iPad = "UIInterfaceOrientationPortrait UIInterfaceOrientationPortraitUpsideDown UIInterfaceOrientationLandscapeLeft UIInterfaceOrientationLandscapeRight";
				INFOPLIST_KEY_UISupportedInterfaceOrientations_iPhone = "UIInterfaceOrientationPortrait UIInterfaceOrientationLandscapeLeft UIInterfaceOrientationLandscapeRight";
				IPHONEOS_DEPLOYMENT_TARGET = 17.0;
				LD_RUNPATH_SEARCH_PATHS = (
					"$(inherited)",
					"@executable_path/Frameworks",
				);
				MARKETING_VERSION = 1.0;
				PRODUCT_BUNDLE_IDENTIFIER = com.jimohyusuph.WeatherApp;
				PRODUCT_NAME = "$(TARGET_NAME)";
				SWIFT_EMIT_LOC_STRINGS = YES;
				SWIFT_VERSION = 5.0;
				TARGETED_DEVICE_FAMILY = "1,2";
			};
			name = Debug;
		};
		09601ECC2C39AEFF00D3D0CC /* Release */ = {
			isa = XCBuildConfiguration;
			buildSettings = {
				ASSETCATALOG_COMPILER_APPICON_NAME = AppIcon;
				ASSETCATALOG_COMPILER_GLOBAL_ACCENT_COLOR_NAME = AccentColor;
				CODE_SIGN_STYLE = Automatic;
				CURRENT_PROJECT_VERSION = 1;
				DEVELOPMENT_ASSET_PATHS = "\"WeatherApp/Preview Content\"";
				DEVELOPMENT_TEAM = GC375RV42S;
				ENABLE_PREVIEWS = YES;
				GENERATE_INFOPLIST_FILE = YES;
				INFOPLIST_KEY_UIApplicationSceneManifest_Generation = YES;
				INFOPLIST_KEY_UIApplicationSupportsIndirectInputEvents = YES;
				INFOPLIST_KEY_UILaunchScreen_Generation = YES;
				INFOPLIST_KEY_UISupportedInterfaceOrientations_iPad = "UIInterfaceOrientationPortrait UIInterfaceOrientationPortraitUpsideDown UIInterfaceOrientationLandscapeLeft UIInterfaceOrientationLandscapeRight";
				INFOPLIST_KEY_UISupportedInterfaceOrientations_iPhone = "UIInterfaceOrientationPortrait UIInterfaceOrientationLandscapeLeft UIInterfaceOrientationLandscapeRight";
				IPHONEOS_DEPLOYMENT_TARGET = 17.0;
				LD_RUNPATH_SEARCH_PATHS = (
					"$(inherited)",
					"@executable_path/Frameworks",
				);
				MARKETING_VERSION = 1.0;
				PRODUCT_BUNDLE_IDENTIFIER = com.jimohyusuph.WeatherApp;
				PRODUCT_NAME = "$(TARGET_NAME)";
				SWIFT_EMIT_LOC_STRINGS = YES;
				SWIFT_VERSION = 5.0;
				TARGETED_DEVICE_FAMILY = "1,2";
			};
			name = Release;
		};
		09601ECE2C39AEFF00D3D0CC /* Debug */ = {
			isa = XCBuildConfiguration;
			buildSettings = {
				ALWAYS_EMBED_SWIFT_STANDARD_LIBRARIES = YES;
				BUNDLE_LOADER = "$(TEST_HOST)";
				CODE_SIGN_STYLE = Automatic;
				CURRENT_PROJECT_VERSION = 1;
				DEVELOPMENT_TEAM = GC375RV42S;
				GENERATE_INFOPLIST_FILE = YES;
				IPHONEOS_DEPLOYMENT_TARGET = 17.4;
				MARKETING_VERSION = 1.0;
				PRODUCT_BUNDLE_IDENTIFIER = com.jimohyusuph.WeatherAppTests;
				PRODUCT_NAME = "$(TARGET_NAME)";
				SWIFT_EMIT_LOC_STRINGS = NO;
				SWIFT_VERSION = 5.0;
				TARGETED_DEVICE_FAMILY = "1,2";
				TEST_HOST = "$(BUILT_PRODUCTS_DIR)/WeatherApp.app/$(BUNDLE_EXECUTABLE_FOLDER_PATH)/WeatherApp";
			};
			name = Debug;
		};
		09601ECF2C39AEFF00D3D0CC /* Release */ = {
			isa = XCBuildConfiguration;
			buildSettings = {
				ALWAYS_EMBED_SWIFT_STANDARD_LIBRARIES = YES;
				BUNDLE_LOADER = "$(TEST_HOST)";
				CODE_SIGN_STYLE = Automatic;
				CURRENT_PROJECT_VERSION = 1;
				DEVELOPMENT_TEAM = GC375RV42S;
				GENERATE_INFOPLIST_FILE = YES;
				IPHONEOS_DEPLOYMENT_TARGET = 17.4;
				MARKETING_VERSION = 1.0;
				PRODUCT_BUNDLE_IDENTIFIER = com.jimohyusuph.WeatherAppTests;
				PRODUCT_NAME = "$(TARGET_NAME)";
				SWIFT_EMIT_LOC_STRINGS = NO;
				SWIFT_VERSION = 5.0;
				TARGETED_DEVICE_FAMILY = "1,2";
				TEST_HOST = "$(BUILT_PRODUCTS_DIR)/WeatherApp.app/$(BUNDLE_EXECUTABLE_FOLDER_PATH)/WeatherApp";
			};
			name = Release;
		};
		09601ED12C39AEFF00D3D0CC /* Debug */ = {
			isa = XCBuildConfiguration;
			buildSettings = {
				ALWAYS_EMBED_SWIFT_STANDARD_LIBRARIES = YES;
				CODE_SIGN_STYLE = Automatic;
				CURRENT_PROJECT_VERSION = 1;
				DEVELOPMENT_TEAM = GC375RV42S;
				GENERATE_INFOPLIST_FILE = YES;
				MARKETING_VERSION = 1.0;
				PRODUCT_BUNDLE_IDENTIFIER = com.jimohyusuph.WeatherAppUITests;
				PRODUCT_NAME = "$(TARGET_NAME)";
				SWIFT_EMIT_LOC_STRINGS = NO;
				SWIFT_VERSION = 5.0;
				TARGETED_DEVICE_FAMILY = "1,2";
				TEST_TARGET_NAME = WeatherApp;
			};
			name = Debug;
		};
		09601ED22C39AEFF00D3D0CC /* Release */ = {
			isa = XCBuildConfiguration;
			buildSettings = {
				ALWAYS_EMBED_SWIFT_STANDARD_LIBRARIES = YES;
				CODE_SIGN_STYLE = Automatic;
				CURRENT_PROJECT_VERSION = 1;
				DEVELOPMENT_TEAM = GC375RV42S;
				GENERATE_INFOPLIST_FILE = YES;
				MARKETING_VERSION = 1.0;
				PRODUCT_BUNDLE_IDENTIFIER = com.jimohyusuph.WeatherAppUITests;
				PRODUCT_NAME = "$(TARGET_NAME)";
				SWIFT_EMIT_LOC_STRINGS = NO;
				SWIFT_VERSION = 5.0;
				TARGETED_DEVICE_FAMILY = "1,2";
				TEST_TARGET_NAME = WeatherApp;
			};
			name = Release;
		};
/* End XCBuildConfiguration section */

/* Begin XCConfigurationList section */
		09601EA12C39AEFD00D3D0CC /* Build configuration list for PBXProject "WeatherApp" */ = {
			isa = XCConfigurationList;
			buildConfigurations = (
				09601EC82C39AEFF00D3D0CC /* Debug */,
				09601EC92C39AEFF00D3D0CC /* Release */,
			);
			defaultConfigurationIsVisible = 0;
			defaultConfigurationName = Release;
		};
		09601ECA2C39AEFF00D3D0CC /* Build configuration list for PBXNativeTarget "WeatherApp" */ = {
			isa = XCConfigurationList;
			buildConfigurations = (
				09601ECB2C39AEFF00D3D0CC /* Debug */,
				09601ECC2C39AEFF00D3D0CC /* Release */,
			);
			defaultConfigurationIsVisible = 0;
			defaultConfigurationName = Release;
		};
		09601ECD2C39AEFF00D3D0CC /* Build configuration list for PBXNativeTarget "WeatherAppTests" */ = {
			isa = XCConfigurationList;
			buildConfigurations = (
				09601ECE2C39AEFF00D3D0CC /* Debug */,
				09601ECF2C39AEFF00D3D0CC /* Release */,
			);
			defaultConfigurationIsVisible = 0;
			defaultConfigurationName = Release;
		};
		09601ED02C39AEFF00D3D0CC /* Build configuration list for PBXNativeTarget "WeatherAppUITests" */ = {
			isa = XCConfigurationList;
			buildConfigurations = (
				09601ED12C39AEFF00D3D0CC /* Debug */,
				09601ED22C39AEFF00D3D0CC /* Release */,
			);
			defaultConfigurationIsVisible = 0;
			defaultConfigurationName = Release;
		};
/* End XCConfigurationList section */

/* Begin XCRemoteSwiftPackageReference section */
		09601ED72C39AFD900D3D0CC /* XCRemoteSwiftPackageReference "swift-composable-architecture" */ = {
			isa = XCRemoteSwiftPackageReference;
			repositoryURL = "https://github.com/pointfreeco/swift-composable-architecture";
			requirement = {
				kind = upToNextMajorVersion;
				minimumVersion = 1.11.2;
			};
		};
/* End XCRemoteSwiftPackageReference section */

/* Begin XCSwiftPackageProductDependency section */
		0957977F2C3EF53200B9A910 /* Networking */ = {
			isa = XCSwiftPackageProductDependency;
			productName = Networking;
		};
		09601ED82C39AFD900D3D0CC /* ComposableArchitecture */ = {
			isa = XCSwiftPackageProductDependency;
			package = 09601ED72C39AFD900D3D0CC /* XCRemoteSwiftPackageReference "swift-composable-architecture" */;
			productName = ComposableArchitecture;
		};
/* End XCSwiftPackageProductDependency section */

/* Begin XCVersionGroup section */
		095797152C3C8A1A00B9A910 /* WeatherDataModel.xcdatamodeld */ = {
			isa = XCVersionGroup;
			children = (
				095797162C3C8A1A00B9A910 /* WeatherDataModel.xcdatamodel */,
			);
			currentVersion = 095797162C3C8A1A00B9A910 /* WeatherDataModel.xcdatamodel */;
			path = WeatherDataModel.xcdatamodeld;
			sourceTree = "<group>";
			versionGroupType = wrapper.xcdatamodel;
		};
/* End XCVersionGroup section */
	};
	rootObject = 09601E9E2C39AEFD00D3D0CC /* Project object */;
}
